// !$*UTF8*$!
{
	archiveVersion = 1;
	classes = {
	};
	objectVersion = 46;
	objects = {

/* Begin PBXBuildFile section */
		B30537BB1A786C020085F0E5 /* AppDelegate.swift in Sources */ = {isa = PBXBuildFile; fileRef = B30537BA1A786C020085F0E5 /* AppDelegate.swift */; };
		B30537BD1A786C020085F0E5 /* ViewController.swift in Sources */ = {isa = PBXBuildFile; fileRef = B30537BC1A786C020085F0E5 /* ViewController.swift */; };
		B30537C01A786C020085F0E5 /* Main.storyboard in Resources */ = {isa = PBXBuildFile; fileRef = B30537BE1A786C020085F0E5 /* Main.storyboard */; };
		B30537C21A786C020085F0E5 /* Images.xcassets in Resources */ = {isa = PBXBuildFile; fileRef = B30537C11A786C020085F0E5 /* Images.xcassets */; };
		B30537C51A786C020085F0E5 /* LaunchScreen.xib in Resources */ = {isa = PBXBuildFile; fileRef = B30537C31A786C020085F0E5 /* LaunchScreen.xib */; };
		B30537D11A786C020085F0E5 /* PostcardTests.swift in Sources */ = {isa = PBXBuildFile; fileRef = B30537D01A786C020085F0E5 /* PostcardTests.swift */; };
		B3C709291A7B230100B60088 /* SagradaFamilia.jpeg in Resources */ = {isa = PBXBuildFile; fileRef = B3C709281A7B230100B60088 /* SagradaFamilia.jpeg */; };
		B3C7092B1A7B262E00B60088 /* AlbertEinsteinStamp.jpg in Resources */ = {isa = PBXBuildFile; fileRef = B3C7092A1A7B262E00B60088 /* AlbertEinsteinStamp.jpg */; };
/* End PBXBuildFile section */

/* Begin PBXContainerItemProxy section */
		B30537CB1A786C020085F0E5 /* PBXContainerItemProxy */ = {
			isa = PBXContainerItemProxy;
			containerPortal = B30537AD1A786C020085F0E5 /* Project object */;
			proxyType = 1;
			remoteGlobalIDString = B30537B41A786C020085F0E5;
			remoteInfo = Postcard;
		};
/* End PBXContainerItemProxy section */

/* Begin PBXFileReference section */
		B30537B51A786C020085F0E5 /* Postcard.app */ = {isa = PBXFileReference; explicitFileType = wrapper.application; includeInIndex = 0; path = Postcard.app; sourceTree = BUILT_PRODUCTS_DIR; };
		B30537B91A786C020085F0E5 /* Info.plist */ = {isa = PBXFileReference; lastKnownFileType = text.plist.xml; path = Info.plist; sourceTree = "<group>"; };
		B30537BA1A786C020085F0E5 /* AppDelegate.swift */ = {isa = PBXFileReference; lastKnownFileType = sourcecode.swift; path = AppDelegate.swift; sourceTree = "<group>"; };
		B30537BC1A786C020085F0E5 /* ViewController.swift */ = {isa = PBXFileReference; lastKnownFileType = sourcecode.swift; path = ViewController.swift; sourceTree = "<group>"; };
		B30537BF1A786C020085F0E5 /* Base */ = {isa = PBXFileReference; lastKnownFileType = file.storyboard; name = Base; path = Base.lproj/Main.storyboard; sourceTree = "<group>"; };
		B30537C11A786C020085F0E5 /* Images.xcassets */ = {isa = PBXFileReference; lastKnownFileType = folder.assetcatalog; path = Images.xcassets; sourceTree = "<group>"; };
		B30537C41A786C020085F0E5 /* Base */ = {isa = PBXFileReference; lastKnownFileType = file.xib; name = Base; path = Base.lproj/LaunchScreen.xib; sourceTree = "<group>"; };
		B30537CA1A786C020085F0E5 /* PostcardTests.xctest */ = {isa = PBXFileReference; explicitFileType = wrapper.cfbundle; includeInIndex = 0; path = PostcardTests.xctest; sourceTree = BUILT_PRODUCTS_DIR; };
		B30537CF1A786C020085F0E5 /* Info.plist */ = {isa = PBXFileReference; lastKnownFileType = text.plist.xml; path = Info.plist; sourceTree = "<group>"; };
		B30537D01A786C020085F0E5 /* PostcardTests.swift */ = {isa = PBXFileReference; lastKnownFileType = sourcecode.swift; path = PostcardTests.swift; sourceTree = "<group>"; };
		B3C709281A7B230100B60088 /* SagradaFamilia.jpeg */ = {isa = PBXFileReference; lastKnownFileType = image.jpeg; path = SagradaFamilia.jpeg; sourceTree = "<group>"; };
		B3C7092A1A7B262E00B60088 /* AlbertEinsteinStamp.jpg */ = {isa = PBXFileReference; lastKnownFileType = image.jpeg; path = AlbertEinsteinStamp.jpg; sourceTree = "<group>"; };
/* End PBXFileReference section */

/* Begin PBXFrameworksBuildPhase section */
		B30537B21A786C020085F0E5 /* Frameworks */ = {
			isa = PBXFrameworksBuildPhase;
			buildActionMask = 2147483647;
			files = (
			);
			runOnlyForDeploymentPostprocessing = 0;
		};
		B30537C71A786C020085F0E5 /* Frameworks */ = {
			isa = PBXFrameworksBuildPhase;
			buildActionMask = 2147483647;
			files = (
			);
			runOnlyForDeploymentPostprocessing = 0;
		};
/* End PBXFrameworksBuildPhase section */

/* Begin PBXGroup section */
		B30537AC1A786C020085F0E5 = {
			isa = PBXGroup;
			children = (
				B30537B71A786C020085F0E5 /* Postcard */,
				B30537CD1A786C020085F0E5 /* PostcardTests */,
				B30537B61A786C020085F0E5 /* Products */,
			);
			sourceTree = "<group>";
		};
		B30537B61A786C020085F0E5 /* Products */ = {
			isa = PBXGroup;
			children = (
				B30537B51A786C020085F0E5 /* Postcard.app */,
				B30537CA1A786C020085F0E5 /* PostcardTests.xctest */,
			);
			name = Products;
			sourceTree = "<group>";
		};
		B30537B71A786C020085F0E5 /* Postcard */ = {
			isa = PBXGroup;
			children = (
				B30537BA1A786C020085F0E5 /* AppDelegate.swift */,
				B30537BC1A786C020085F0E5 /* ViewController.swift */,
				B30537BE1A786C020085F0E5 /* Main.storyboard */,
				B30537C11A786C020085F0E5 /* Images.xcassets */,
				B30537C31A786C020085F0E5 /* LaunchScreen.xib */,
				B30537B81A786C020085F0E5 /* Supporting Files */,
			);
			path = Postcard;
			sourceTree = "<group>";
		};
		B30537B81A786C020085F0E5 /* Supporting Files */ = {
			isa = PBXGroup;
			children = (
				B3C7092A1A7B262E00B60088 /* AlbertEinsteinStamp.jpg */,
				B3C709281A7B230100B60088 /* SagradaFamilia.jpeg */,
				B30537B91A786C020085F0E5 /* Info.plist */,
			);
			name = "Supporting Files";
			sourceTree = "<group>";
		};
		B30537CD1A786C020085F0E5 /* PostcardTests */ = {
			isa = PBXGroup;
			children = (
				B30537D01A786C020085F0E5 /* PostcardTests.swift */,
				B30537CE1A786C020085F0E5 /* Supporting Files */,
			);
			path = PostcardTests;
			sourceTree = "<group>";
		};
		B30537CE1A786C020085F0E5 /* Supporting Files */ = {
			isa = PBXGroup;
			children = (
				B30537CF1A786C020085F0E5 /* Info.plist */,
			);
			name = "Supporting Files";
			sourceTree = "<group>";
		};
/* End PBXGroup section */

/* Begin PBXNativeTarget section */
		B30537B41A786C020085F0E5 /* Postcard */ = {
			isa = PBXNativeTarget;
			buildConfigurationList = B30537D41A786C020085F0E5 /* Build configuration list for PBXNativeTarget "Postcard" */;
			buildPhases = (
				B30537B11A786C020085F0E5 /* Sources */,
				B30537B21A786C020085F0E5 /* Frameworks */,
				B30537B31A786C020085F0E5 /* Resources */,
			);
			buildRules = (
			);
			dependencies = (
			);
			name = Postcard;
			productName = Postcard;
			productReference = B30537B51A786C020085F0E5 /* Postcard.app */;
			productType = "com.apple.product-type.application";
		};
		B30537C91A786C020085F0E5 /* PostcardTests */ = {
			isa = PBXNativeTarget;
			buildConfigurationList = B30537D71A786C020085F0E5 /* Build configuration list for PBXNativeTarget "PostcardTests" */;
			buildPhases = (
				B30537C61A786C020085F0E5 /* Sources */,
				B30537C71A786C020085F0E5 /* Frameworks */,
				B30537C81A786C020085F0E5 /* Resources */,
			);
			buildRules = (
			);
			dependencies = (
				B30537CC1A786C020085F0E5 /* PBXTargetDependency */,
			);
			name = PostcardTests;
			productName = PostcardTests;
			productReference = B30537CA1A786C020085F0E5 /* PostcardTests.xctest */;
			productType = "com.apple.product-type.bundle.unit-test";
		};
/* End PBXNativeTarget section */

/* Begin PBXProject section */
		B30537AD1A786C020085F0E5 /* Project object */ = {
			isa = PBXProject;
			attributes = {
				LastUpgradeCheck = 0610;
				ORGANIZATIONNAME = "David Steelman";
				TargetAttributes = {
					B30537B41A786C020085F0E5 = {
						CreatedOnToolsVersion = 6.1.1;
					};
					B30537C91A786C020085F0E5 = {
						CreatedOnToolsVersion = 6.1.1;
						TestTargetID = B30537B41A786C020085F0E5;
					};
				};
			};
			buildConfigurationList = B30537B01A786C020085F0E5 /* Build configuration list for PBXProject "Postcard" */;
			compatibilityVersion = "Xcode 3.2";
			developmentRegion = English;
			hasScannedForEncodings = 0;
			knownRegions = (
				en,
				Base,
			);
			mainGroup = B30537AC1A786C020085F0E5;
			productRefGroup = B30537B61A786C020085F0E5 /* Products */;
			projectDirPath = "";
			projectRoot = "";
			targets = (
				B30537B41A786C020085F0E5 /* Postcard */,
				B30537C91A786C020085F0E5 /* PostcardTests */,
			);
		};
/* End PBXProject section */

/* Begin PBXResourcesBuildPhase section */
		B30537B31A786C020085F0E5 /* Resources */ = {
			isa = PBXResourcesBuildPhase;
			buildActionMask = 2147483647;
			files = (
				B30537C01A786C020085F0E5 /* Main.storyboard in Resources */,
				B3C709291A7B230100B60088 /* SagradaFamilia.jpeg in Resources */,
				B3C7092B1A7B262E00B60088 /* AlbertEinsteinStamp.jpg in Resources */,
				B30537C51A786C020085F0E5 /* LaunchScreen.xib in Resources */,
				B30537C21A786C020085F0E5 /* Images.xcassets in Resources */,
			);
			runOnlyForDeploymentPostprocessing = 0;
		};
		B30537C81A786C020085F0E5 /* Resources */ = {
			isa = PBXResourcesBuildPhase;
			buildActionMask = 2147483647;
			files = (
			);
			runOnlyForDeploymentPostprocessing = 0;
		};
/* End PBXResourcesBuildPhase section */

/* Begin PBXSourcesBuildPhase section */
		B30537B11A786C020085F0E5 /* Sources */ = {
			isa = PBXSourcesBuildPhase;
			buildActionMask = 2147483647;
			files = (
				B30537BD1A786C020085F0E5 /* ViewController.swift in Sources */,
				B30537BB1A786C020085F0E5 /* AppDelegate.swift in Sources */,
			);
			runOnlyForDeploymentPostprocessing = 0;
		};
		B30537C61A786C020085F0E5 /* Sources */ = {
			isa = PBXSourcesBuildPhase;
			buildActionMask = 2147483647;
			files = (
				B30537D11A786C020085F0E5 /* PostcardTests.swift in Sources */,
			);
			runOnlyForDeploymentPostprocessing = 0;
		};
/* End PBXSourcesBuildPhase section */

/* Begin PBXTargetDependency section */
		B30537CC1A786C020085F0E5 /* PBXTargetDependency */ = {
			isa = PBXTargetDependency;
			target = B30537B41A786C020085F0E5 /* Postcard */;
			targetProxy = B30537CB1A786C020085F0E5 /* PBXContainerItemProxy */;
		};
/* End PBXTargetDependency section */

/* Begin PBXVariantGroup section */
		B30537BE1A786C020085F0E5 /* Main.storyboard */ = {
			isa = PBXVariantGroup;
			children = (
				B30537BF1A786C020085F0E5 /* Base */,
			);
			name = Main.storyboard;
			sourceTree = "<group>";
		};
		B30537C31A786C020085F0E5 /* LaunchScreen.xib */ = {
			isa = PBXVariantGroup;
			children = (
				B30537C41A786C020085F0E5 /* Base */,
			);
			name = LaunchScreen.xib;
			sourceTree = "<group>";
		};
/* End PBXVariantGroup section */

/* Begin XCBuildConfiguration section */
		B30537D21A786C020085F0E5 /* Debug */ = {
			isa = XCBuildConfiguration;
			buildSettings = {
				ALWAYS_SEARCH_USER_PATHS = NO;
				CLANG_CXX_LANGUAGE_STANDARD = "gnu++0x";
				CLANG_CXX_LIBRARY = "libc++";
				CLANG_ENABLE_MODULES = YES;
				CLANG_ENABLE_OBJC_ARC = YES;
				CLANG_WARN_BOOL_CONVERSION = YES;
				CLANG_WARN_CONSTANT_CONVERSION = YES;
				CLANG_WARN_DIRECT_OBJC_ISA_USAGE = YES_ERROR;
				CLANG_WARN_EMPTY_BODY = YES;
				CLANG_WARN_ENUM_CONVERSION = YES;
				CLANG_WARN_INT_CONVERSION = YES;
				CLANG_WARN_OBJC_ROOT_CLASS = YES_ERROR;
				CLANG_WARN_UNREACHABLE_CODE = YES;
				CLANG_WARN__DUPLICATE_METHOD_MATCH = YES;
				"CODE_SIGN_IDENTITY[sdk=iphoneos*]" = "iPhone Developer";
				COPY_PHASE_STRIP = NO;
				ENABLE_STRICT_OBJC_MSGSEND = YES;
				GCC_C_LANGUAGE_STANDARD = gnu99;
				GCC_DYNAMIC_NO_PIC = NO;
				GCC_OPTIMIZATION_LEVEL = 0;
				GCC_PREPROCESSOR_DEFINITIONS = (
					"DEBUG=1",
					"$(inherited)",
				);
				GCC_SYMBOLS_PRIVATE_EXTERN = NO;
				GCC_WARN_64_TO_32_BIT_CONVERSION = YES;
				GCC_WARN_ABOUT_RETURN_TYPE = YES_ERROR;
				GCC_WARN_UNDECLARED_SELECTOR = YES;
				GCC_WARN_UNINITIALIZED_AUTOS = YES_AGGRESSIVE;
				GCC_WARN_UNUSED_FUNCTION = YES;
				GCC_WARN_UNUSED_VARIABLE = YES;
				IPHONEOS_DEPLOYMENT_TARGET = 8.1;
				MTL_ENABLE_DEBUG_INFO = YES;
				ONLY_ACTIVE_ARCH = YES;
				SDKROOT = iphoneos;
				SWIFT_OPTIMIZATION_LEVEL = "-Onone";
				TARGETED_DEVICE_FAMILY = "1,2";
			};
			name = Debug;
		};
		B30537D31A786C020085F0E5 /* Release */ = {
			isa = XCBuildConfiguration;
			buildSettings = {
				ALWAYS_SEARCH_USER_PATHS = NO;
				CLANG_CXX_LANGUAGE_STANDARD = "gnu++0x";
				CLANG_CXX_LIBRARY = "libc++";
				CLANG_ENABLE_MODULES = YES;
				CLANG_ENABLE_OBJC_ARC = YES;
				CLANG_WARN_BOOL_CONVERSION = YES;
				CLANG_WARN_CONSTANT_CONVERSION = YES;
				CLANG_WARN_DIRECT_OBJC_ISA_USAGE = YES_ERROR;
				CLANG_WARN_EMPTY_BODY = YES;
				CLANG_WARN_ENUM_CONVERSION = YES;
				CLANG_WARN_INT_CONVERSION = YES;
				CLANG_WARN_OBJC_ROOT_CLASS = YES_ERROR;
				CLANG_WARN_UNREACHABLE_CODE = YES;
				CLANG_WARN__DUPLICATE_METHOD_MATCH = YES;
				"CODE_SIGN_IDENTITY[sdk=iphoneos*]" = "iPhone Developer";
				COPY_PHASE_STRIP = YES;
				ENABLE_NS_ASSERTIONS = NO;
				ENABLE_STRICT_OBJC_MSGSEND = YES;
				GCC_C_LANGUAGE_STANDARD = gnu99;
				GCC_WARN_64_TO_32_BIT_CONVERSION = YES;
				GCC_WARN_ABOUT_RETURN_TYPE = YES_ERROR;
				GCC_WARN_UNDECLARED_SELECTOR = YES;
				GCC_WARN_UNINITIALIZED_AUTOS = YES_AGGRESSIVE;
				GCC_WARN_UNUSED_FUNCTION = YES;
				GCC_WARN_UNUSED_VARIABLE = YES;
				IPHONEOS_DEPLOYMENT_TARGET = 8.1;
				MTL_ENABLE_DEBUG_INFO = NO;
				SDKROOT = iphoneos;
				TARGETED_DEVICE_FAMILY = "1,2";
				VALIDATE_PRODUCT = YES;
			};
			name = Release;
		};
		B30537D51A786C020085F0E5 /* Debug */ = {
			isa = XCBuildConfiguration;
			buildSettings = {
				ASSETCATALOG_COMPILER_APPICON_NAME = AppIcon;
				INFOPLIST_FILE = Postcard/Info.plist;
				LD_RUNPATH_SEARCH_PATHS = "$(inherited) @executable_path/Frameworks";
				PRODUCT_NAME = "$(TARGET_NAME)";
			};
			name = Debug;
		};
		B30537D61A786C020085F0E5 /* Release */ = {
			isa = XCBuildConfiguration;
			buildSettings = {
				ASSETCATALOG_COMPILER_APPICON_NAME = AppIcon;
				INFOPLIST_FILE = Postcard/Info.plist;
				LD_RUNPATH_SEARCH_PATHS = "$(inherited) @executable_path/Frameworks";
				PRODUCT_NAME = "$(TARGET_NAME)";
			};
			name = Release;
		};
		B30537D81A786C020085F0E5 /* Debug */ = {
			isa = XCBuildConfiguration;
			buildSettings = {
				BUNDLE_LOADER = "$(TEST_HOST)";
				FRAMEWORK_SEARCH_PATHS = (
					"$(SDKROOT)/Developer/Library/Frameworks",
					"$(inherited)",
				);
				GCC_PREPROCESSOR_DEFINITIONS = (
					"DEBUG=1",
					"$(inherited)",
				);
				INFOPLIST_FILE = PostcardTests/Info.plist;
				LD_RUNPATH_SEARCH_PATHS = "$(inherited) @executable_path/Frameworks @loader_path/Frameworks";
				PRODUCT_NAME = "$(TARGET_NAME)";
				TEST_HOST = "$(BUILT_PRODUCTS_DIR)/Postcard.app/Postcard";
			};
			name = Debug;
		};
		B30537D91A786C020085F0E5 /* Release */ = {
			isa = XCBuildConfiguration;
			buildSettings = {
				BUNDLE_LOADER = "$(TEST_HOST)";
				FRAMEWORK_SEARCH_PATHS = (
					"$(SDKROOT)/Developer/Library/Frameworks",
					"$(inherited)",
				);
				INFOPLIST_FILE = PostcardTests/Info.plist;
				LD_RUNPATH_SEARCH_PATHS = "$(inherited) @executable_path/Frameworks @loader_path/Frameworks";
				PRODUCT_NAME = "$(TARGET_NAME)";
				TEST_HOST = "$(BUILT_PRODUCTS_DIR)/Postcard.app/Postcard";
			};
			name = Release;
		};
/* End XCBuildConfiguration section */

/* Begin XCConfigurationList section */
		B30537B01A786C020085F0E5 /* Build configuration list for PBXProject "Postcard" */ = {
			isa = XCConfigurationList;
			buildConfigurations = (
				B30537D21A786C020085F0E5 /* Debug */,
				B30537D31A786C020085F0E5 /* Release */,
			);
			defaultConfigurationIsVisible = 0;
			defaultConfigurationName = Release;
		};
		B30537D41A786C020085F0E5 /* Build configuration list for PBXNativeTarget "Postcard" */ = {
			isa = XCConfigurationList;
			buildConfigurations = (
				B30537D51A786C020085F0E5 /* Debug */,
				B30537D61A786C020085F0E5 /* Release */,
			);
			defaultConfigurationIsVisible = 0;
			defaultConfigurationName = Release;
		};
		B30537D71A786C020085F0E5 /* Build configuration list for PBXNativeTarget "PostcardTests" */ = {
			isa = XCConfigurationList;
			buildConfigurations = (
				B30537D81A786C020085F0E5 /* Debug */,
				B30537D91A786C020085F0E5 /* Release */,
			);
			defaultConfigurationIsVisible = 0;
			defaultConfigurationName = Release;
		};
/* End XCConfigurationList section */
	};
	rootObject = B30537AD1A786C020085F0E5 /* Project object */;
}
